
Microsoft Visual Studio Solution File, Format Version 12.00
# Visual Studio Version 16
VisualStudioVersion = 16.0.30204.135
MinimumVisualStudioVersion = 10.0.40219.1
Project("{FAE04EC0-301F-11D3-BF4B-00C04F79EFBC}") = "Minecraft.KeySender", "Minecraft.KeySender\Minecraft.KeySender.csproj", "{521F5DD8-677F-4A55-8892-F46FE7BE264E}"
EndProject
Project("{FAE04EC0-301F-11D3-BF4B-00C04F79EFBC}") = "Minecraft.KeySender.Win", "Minecraft.KeySender.Win\Minecraft.KeySender.Win.csproj", "{C34CE79F-56DE-46CC-B996-641D991D80A0}"
EndProject
Global
	GlobalSection(SolutionConfigurationPlatforms) = preSolution
		Debug|Any CPU = Debug|Any CPU
		Release|Any CPU = Release|Any CPU
	EndGlobalSection
	GlobalSection(ProjectConfigurationPlatforms) = postSolution
		{521F5DD8-677F-4A55-8892-F46FE7BE264E}.Debug|Any CPU.ActiveCfg = Debug|Any CPU
		{521F5DD8-677F-4A55-8892-F46FE7BE264E}.Debug|Any CPU.Build.0 = Debug|Any CPU
		{521F5DD8-677F-4A55-8892-F46FE7BE264E}.Release|Any CPU.ActiveCfg = Release|Any CPU
		{521F5DD8-677F-4A55-8892-F46FE7BE264E}.Release|Any CPU.Build.0 = Release|Any CPU
		{C34CE79F-56DE-46CC-B996-641D991D80A0}.Debug|Any CPU.ActiveCfg = Debug|Any CPU
		{C34CE79F-56DE-46CC-B996-641D991D80A0}.Debug|Any CPU.Build.0 = Debug|Any CPU
		{C34CE79F-56DE-46CC-B996-641D991D80A0}.Release|Any CPU.ActiveCfg = Release|Any CPU
		{C34CE79F-56DE-46CC-B996-641D991D80A0}.Release|Any CPU.Build.0 = Release|Any CPU
	EndGlobalSection
	GlobalSection(SolutionProperties) = preSolution
		HideSolutionNode = FALSE
	EndGlobalSection
	GlobalSection(ExtensibilityGlobals) = postSolution
		SolutionGuid = {70B1B5BD-A090-40D4-8EB6-00419A7594A2}
	EndGlobalSection
EndGlobal
